
Microsoft Visual Studio Solution File, Format Version 12.00
# Visual Studio Version 16
VisualStudioVersion = 16.0.31402.337
MinimumVisualStudioVersion = 10.0.40219.1
Project("{9A19103F-16F7-4668-BE54-9A1E7A4F7556}") = "SlowWasmAppSettings", "SlowWasmAppSettings.csproj", "{0FD7C0E9-6AC6-441E-9B10-835E7F903F84}"
EndProject
Global
	GlobalSection(SolutionConfigurationPlatforms) = preSolution
		Debug|Any CPU = Debug|Any CPU
		Release|Any CPU = Release|Any CPU
	EndGlobalSection
	GlobalSection(ProjectConfigurationPlatforms) = postSolution
		{0FD7C0E9-6AC6-441E-9B10-835E7F903F84}.Debug|Any CPU.ActiveCfg = Debug|Any CPU
		{0FD7C0E9-6AC6-441E-9B10-835E7F903F84}.Debug|Any CPU.Build.0 = Debug|Any CPU
		{0FD7C0E9-6AC6-441E-9B10-835E7F903F84}.Release|Any CPU.ActiveCfg = Release|Any CPU
		{0FD7C0E9-6AC6-441E-9B10-835E7F903F84}.Release|Any CPU.Build.0 = Release|Any CPU
	EndGlobalSection
	GlobalSection(SolutionProperties) = preSolution
		HideSolutionNode = FALSE
	EndGlobalSection
	GlobalSection(ExtensibilityGlobals) = postSolution
		SolutionGuid = {A2B16325-87B8-4373-8B52-A79FD4A42317}
	EndGlobalSection
EndGlobal
